{
  "name": "quota-aware-evaluator",
  "version": "1.0.0",
  "lockfileVersion": 3,
  "requires": true,
  "packages": {
    "": {
      "name": "quota-aware-evaluator",
      "version": "1.0.0",
      "dependencies": {
        "@palmshed/sandbox": "^1.2.0"
      },
      "engines": {
        "node": ">=20"
      }
    },
    "node_modules/@palmshed/sandbox": {
      "version": "1.2.0",
      "resolved": "https://registry.npmjs.org/@palmshed/sandbox/-/sandbox-1.2.0.tgz",
      "integrity": "sha512-/0ox006s4NSA28UCom4Di5yMRSAeS3unvpW0AbKC0tMpzEHu/5DLX+kc6c1wRvek+ORGsgNnT7cCr+sdJlcLOw==",
      "license": "MIT",
      "engines": {
        "node": ">=20"
      }
    }
  }
}
